
Microsoft Visual Studio Solution File, Format Version 11.00
# Visual C# Express 2010
Project("{FAE04EC0-301F-11D3-BF4B-00C04F79EFBC}") = "Kava", "Kava\Kava.csproj", "{F2694F93-C0B5-45A2-BED3-059E6B68117D}"
EndProject
Project("{FAE04EC0-301F-11D3-BF4B-00C04F79EFBC}") = "Kava.2", "Kava.2\Kava.2.csproj", "{B609EE94-435A-42DC-8E7F-C6AB40A8B62A}"
EndProject
Global
	GlobalSection(SolutionConfigurationPlatforms) = preSolution
		Debug|x86 = Debug|x86
		Release|x86 = Release|x86
	EndGlobalSection
	GlobalSection(ProjectConfigurationPlatforms) = postSolution
		{F2694F93-C0B5-45A2-BED3-059E6B68117D}.Debug|x86.ActiveCfg = Debug|x86
		{F2694F93-C0B5-45A2-BED3-059E6B68117D}.Debug|x86.Build.0 = Debug|x86
		{F2694F93-C0B5-45A2-BED3-059E6B68117D}.Release|x86.ActiveCfg = Release|x86
		{F2694F93-C0B5-45A2-BED3-059E6B68117D}.Release|x86.Build.0 = Release|x86
		{B609EE94-435A-42DC-8E7F-C6AB40A8B62A}.Debug|x86.ActiveCfg = Debug|x86
		{B609EE94-435A-42DC-8E7F-C6AB40A8B62A}.Debug|x86.Build.0 = Debug|x86
		{B609EE94-435A-42DC-8E7F-C6AB40A8B62A}.Release|x86.ActiveCfg = Release|x86
		{B609EE94-435A-42DC-8E7F-C6AB40A8B62A}.Release|x86.Build.0 = Release|x86
	EndGlobalSection
	GlobalSection(SolutionProperties) = preSolution
		HideSolutionNode = FALSE
	EndGlobalSection
EndGlobal
